
Microsoft Visual Studio Solution File, Format Version 12.00
# Visual Studio Version 17
VisualStudioVersion = 17.11.35327.3
MinimumVisualStudioVersion = 10.0.40219.1
Project("{FAE04EC0-301F-11D3-BF4B-00C04F79EFBC}") = "banko", "banko\banko.csproj", "{C24D1CD3-06F9-41E5-BBC0-04FBDF45C80E}"
EndProject
Global
	GlobalSection(SolutionConfigurationPlatforms) = preSolution
		Debug|Any CPU = Debug|Any CPU
		Release|Any CPU = Release|Any CPU
	EndGlobalSection
	GlobalSection(ProjectConfigurationPlatforms) = postSolution
		{C24D1CD3-06F9-41E5-BBC0-04FBDF45C80E}.Debug|Any CPU.ActiveCfg = Debug|Any CPU
		{C24D1CD3-06F9-41E5-BBC0-04FBDF45C80E}.Debug|Any CPU.Build.0 = Debug|Any CPU
		{C24D1CD3-06F9-41E5-BBC0-04FBDF45C80E}.Release|Any CPU.ActiveCfg = Release|Any CPU
		{C24D1CD3-06F9-41E5-BBC0-04FBDF45C80E}.Release|Any CPU.Build.0 = Release|Any CPU
	EndGlobalSection
	GlobalSection(SolutionProperties) = preSolution
		HideSolutionNode = FALSE
	EndGlobalSection
	GlobalSection(ExtensibilityGlobals) = postSolution
		SolutionGuid = {DA478FE2-E012-4B11-9A80-280575109A36}
	EndGlobalSection
EndGlobal
